// !$*UTF8*$!
{
	archiveVersion = 1;
	classes = {
	};
	objectVersion = 48;
	objects = {

/* Begin PBXBuildFile section */
		0C71D17AA5607CB007A8B3CE /* Pods_FastShopUITests.framework in Frameworks */ = {isa = PBXBuildFile; fileRef = 546463A8EAED0CEA8436C547 /* Pods_FastShopUITests.framework */; };
		102520269D713672535D5E2D /* Pods_themoviedbUITests.framework in Frameworks */ = {isa = PBXBuildFile; fileRef = 73C77FE769FD7BE507F680ED /* Pods_themoviedbUITests.framework */; };
		3D1A4F95201811ED007972DD /* Video.swift in Sources */ = {isa = PBXBuildFile; fileRef = 3D1A4F94201811ED007972DD /* Video.swift */; };
		3D1A4F9720181B66007972DD /* UIColor.swift in Sources */ = {isa = PBXBuildFile; fileRef = 3D1A4F9620181B66007972DD /* UIColor.swift */; };
		3D30E34B2016D560000B73A4 /* Alert.swift in Sources */ = {isa = PBXBuildFile; fileRef = 3D30E34A2016D560000B73A4 /* Alert.swift */; };
		3D30E34D2016DDB9000B73A4 /* CastCollectionViewCell.swift in Sources */ = {isa = PBXBuildFile; fileRef = 3D30E34C2016DDB9000B73A4 /* CastCollectionViewCell.swift */; };
		3D30E34F2016EAF2000B73A4 /* NSAttributedString.swift in Sources */ = {isa = PBXBuildFile; fileRef = 3D30E34E2016EAF2000B73A4 /* NSAttributedString.swift */; };
		3D62273F2013B6EE00C9217E /* AppDelegate.swift in Sources */ = {isa = PBXBuildFile; fileRef = 3D62273E2013B6EE00C9217E /* AppDelegate.swift */; };
		3D6227412013B6EE00C9217E /* MovieViewController.swift in Sources */ = {isa = PBXBuildFile; fileRef = 3D6227402013B6EE00C9217E /* MovieViewController.swift */; };
		3D6227442013B6EE00C9217E /* Main.storyboard in Resources */ = {isa = PBXBuildFile; fileRef = 3D6227422013B6EE00C9217E /* Main.storyboard */; };
		3D6227462013B6EE00C9217E /* Assets.xcassets in Resources */ = {isa = PBXBuildFile; fileRef = 3D6227452013B6EE00C9217E /* Assets.xcassets */; };
		3D6227492013B6EE00C9217E /* LaunchScreen.storyboard in Resources */ = {isa = PBXBuildFile; fileRef = 3D6227472013B6EE00C9217E /* LaunchScreen.storyboard */; };
		3D6227542013B6EE00C9217E /* themoviedbTests.swift in Sources */ = {isa = PBXBuildFile; fileRef = 3D6227532013B6EE00C9217E /* themoviedbTests.swift */; };
		3D62275F2013B6EE00C9217E /* themoviedbUITests.swift in Sources */ = {isa = PBXBuildFile; fileRef = 3D62275E2013B6EE00C9217E /* themoviedbUITests.swift */; };
		3D62276E2013BE1100C9217E /* APIManager.swift in Sources */ = {isa = PBXBuildFile; fileRef = 3D62276D2013BE1100C9217E /* APIManager.swift */; };
		3D674F982014DC87006BE1AE /* GenreViewController.swift in Sources */ = {isa = PBXBuildFile; fileRef = 3D674F972014DC87006BE1AE /* GenreViewController.swift */; };
		3D674F9C2014E024006BE1AE /* MovieManager.swift in Sources */ = {isa = PBXBuildFile; fileRef = 3D674F9B2014E024006BE1AE /* MovieManager.swift */; };
		3D674F9E2014EEDC006BE1AE /* Genre.swift in Sources */ = {isa = PBXBuildFile; fileRef = 3D674F9D2014EEDC006BE1AE /* Genre.swift */; };
		3D674FA12014FB50006BE1AE /* Errors.swift in Sources */ = {isa = PBXBuildFile; fileRef = 3D674FA02014FB50006BE1AE /* Errors.swift */; };
		3D674FA32014FD00006BE1AE /* GenrePresenter.swift in Sources */ = {isa = PBXBuildFile; fileRef = 3D674FA22014FD00006BE1AE /* GenrePresenter.swift */; };
		3D674FA52014FD0D006BE1AE /* Movie.swift in Sources */ = {isa = PBXBuildFile; fileRef = 3D674FA42014FD0D006BE1AE /* Movie.swift */; };
		3D674FA72014FD2A006BE1AE /* MoviePresenter.swift in Sources */ = {isa = PBXBuildFile; fileRef = 3D674FA62014FD2A006BE1AE /* MoviePresenter.swift */; };
		3D674FAA2015029F006BE1AE /* UIViewController.swift in Sources */ = {isa = PBXBuildFile; fileRef = 3D674FA92015029F006BE1AE /* UIViewController.swift */; };
		3D674FB020150D72006BE1AE /* BaseViewController.swift in Sources */ = {isa = PBXBuildFile; fileRef = 3D674FAF20150D72006BE1AE /* BaseViewController.swift */; };
		3D674FB4201510E6006BE1AE /* GenreTableViewCell.swift in Sources */ = {isa = PBXBuildFile; fileRef = 3D674FB3201510E6006BE1AE /* GenreTableViewCell.swift */; };
		3D674FB6201518FB006BE1AE /* MovieCollectionViewCell.swift in Sources */ = {isa = PBXBuildFile; fileRef = 3D674FB5201518FB006BE1AE /* MovieCollectionViewCell.swift */; };
		3D674FB920156EDD006BE1AE /* CircularProgressView.swift in Sources */ = {isa = PBXBuildFile; fileRef = 3D674FB820156EDD006BE1AE /* CircularProgressView.swift */; };
		3D674FBB201589C7006BE1AE /* UIView.swift in Sources */ = {isa = PBXBuildFile; fileRef = 3D674FBA201589C6006BE1AE /* UIView.swift */; };
		3D674FBD2015992C006BE1AE /* Credits.swift in Sources */ = {isa = PBXBuildFile; fileRef = 3D674FBC2015992C006BE1AE /* Credits.swift */; };
		3D674FC620159DE6006BE1AE /* CrewCollectionViewCell.swift in Sources */ = {isa = PBXBuildFile; fileRef = 3D674FC520159DE6006BE1AE /* CrewCollectionViewCell.swift */; };
		3DFF0AEA2096183600A2AFC5 /* UIImageView+Alamo.swift in Sources */ = {isa = PBXBuildFile; fileRef = 3DFF0AE92096183600A2AFC5 /* UIImageView+Alamo.swift */; };
		42B0632B28995A35BE9F175C /* Pods_themoviedbTests.framework in Frameworks */ = {isa = PBXBuildFile; fileRef = 110A7A91A6E762596678B93B /* Pods_themoviedbTests.framework */; };
		4975E80B305C017F1AADA7DA /* Pods_FastShopTests.framework in Frameworks */ = {isa = PBXBuildFile; fileRef = 0BAB855D18CE13DF477A9BCC /* Pods_FastShopTests.framework */; };
		DF8F8D4A5162BDD73432D8F5 /* Pods_themoviedb.framework in Frameworks */ = {isa = PBXBuildFile; fileRef = 3275993D36EB5EC909513920 /* Pods_themoviedb.framework */; };
/* End PBXBuildFile section */

/* Begin PBXContainerItemProxy section */
		3D6227502013B6EE00C9217E /* PBXContainerItemProxy */ = {
			isa = PBXContainerItemProxy;
			containerPortal = 3D6227332013B6EE00C9217E /* Project object */;
			proxyType = 1;
			remoteGlobalIDString = 3D62273A2013B6EE00C9217E;
			remoteInfo = FastShop;
		};
		3D62275B2013B6EE00C9217E /* PBXContainerItemProxy */ = {
			isa = PBXContainerItemProxy;
			containerPortal = 3D6227332013B6EE00C9217E /* Project object */;
			proxyType = 1;
			remoteGlobalIDString = 3D62273A2013B6EE00C9217E;
			remoteInfo = FastShop;
		};
/* End PBXContainerItemProxy section */

/* Begin PBXFileReference section */
		0BAB855D18CE13DF477A9BCC /* Pods_FastShopTests.framework */ = {isa = PBXFileReference; explicitFileType = wrapper.framework; includeInIndex = 0; path = Pods_FastShopTests.framework; sourceTree = BUILT_PRODUCTS_DIR; };
		110A7A91A6E762596678B93B /* Pods_themoviedbTests.framework */ = {isa = PBXFileReference; explicitFileType = wrapper.framework; includeInIndex = 0; path = Pods_themoviedbTests.framework; sourceTree = BUILT_PRODUCTS_DIR; };
		13DB7A504D62C9DF153441EE /* Pods-themoviedbTests.release.xcconfig */ = {isa = PBXFileReference; includeInIndex = 1; lastKnownFileType = text.xcconfig; name = "Pods-themoviedbTests.release.xcconfig"; path = "Pods/Target Support Files/Pods-themoviedbTests/Pods-themoviedbTests.release.xcconfig"; sourceTree = "<group>"; };
		1DCF9D421903E2E08198F8EB /* Pods-themoviedbTests.debug.xcconfig */ = {isa = PBXFileReference; includeInIndex = 1; lastKnownFileType = text.xcconfig; name = "Pods-themoviedbTests.debug.xcconfig"; path = "Pods/Target Support Files/Pods-themoviedbTests/Pods-themoviedbTests.debug.xcconfig"; sourceTree = "<group>"; };
		3275993D36EB5EC909513920 /* Pods_themoviedb.framework */ = {isa = PBXFileReference; explicitFileType = wrapper.framework; includeInIndex = 0; path = Pods_themoviedb.framework; sourceTree = BUILT_PRODUCTS_DIR; };
		372A9AED4FD48C4B32A43197 /* Pods-FastShopUITests.release.xcconfig */ = {isa = PBXFileReference; includeInIndex = 1; lastKnownFileType = text.xcconfig; name = "Pods-FastShopUITests.release.xcconfig"; path = "Pods/Target Support Files/Pods-FastShopUITests/Pods-FastShopUITests.release.xcconfig"; sourceTree = "<group>"; };
		3D1A4F94201811ED007972DD /* Video.swift */ = {isa = PBXFileReference; lastKnownFileType = sourcecode.swift; path = Video.swift; sourceTree = "<group>"; };
		3D1A4F9620181B66007972DD /* UIColor.swift */ = {isa = PBXFileReference; lastKnownFileType = sourcecode.swift; path = UIColor.swift; sourceTree = "<group>"; };
		3D30E34A2016D560000B73A4 /* Alert.swift */ = {isa = PBXFileReference; lastKnownFileType = sourcecode.swift; path = Alert.swift; sourceTree = "<group>"; };
		3D30E34C2016DDB9000B73A4 /* CastCollectionViewCell.swift */ = {isa = PBXFileReference; lastKnownFileType = sourcecode.swift; path = CastCollectionViewCell.swift; sourceTree = "<group>"; };
		3D30E34E2016EAF2000B73A4 /* NSAttributedString.swift */ = {isa = PBXFileReference; lastKnownFileType = sourcecode.swift; path = NSAttributedString.swift; sourceTree = "<group>"; };
		3D62273B2013B6EE00C9217E /* themoviedb.app */ = {isa = PBXFileReference; explicitFileType = wrapper.application; includeInIndex = 0; path = themoviedb.app; sourceTree = BUILT_PRODUCTS_DIR; };
		3D62273E2013B6EE00C9217E /* AppDelegate.swift */ = {isa = PBXFileReference; lastKnownFileType = sourcecode.swift; path = AppDelegate.swift; sourceTree = "<group>"; };
		3D6227402013B6EE00C9217E /* MovieViewController.swift */ = {isa = PBXFileReference; lastKnownFileType = sourcecode.swift; path = MovieViewController.swift; sourceTree = "<group>"; };
		3D6227432013B6EE00C9217E /* Base */ = {isa = PBXFileReference; lastKnownFileType = file.storyboard; name = Base; path = Base.lproj/Main.storyboard; sourceTree = "<group>"; };
		3D6227452013B6EE00C9217E /* Assets.xcassets */ = {isa = PBXFileReference; lastKnownFileType = folder.assetcatalog; path = Assets.xcassets; sourceTree = "<group>"; };
		3D6227482013B6EE00C9217E /* Base */ = {isa = PBXFileReference; lastKnownFileType = file.storyboard; name = Base; path = Base.lproj/LaunchScreen.storyboard; sourceTree = "<group>"; };
		3D62274A2013B6EE00C9217E /* Info.plist */ = {isa = PBXFileReference; lastKnownFileType = text.plist.xml; path = Info.plist; sourceTree = "<group>"; };
		3D62274F2013B6EE00C9217E /* themoviedbTests.xctest */ = {isa = PBXFileReference; explicitFileType = wrapper.cfbundle; includeInIndex = 0; path = themoviedbTests.xctest; sourceTree = BUILT_PRODUCTS_DIR; };
		3D6227532013B6EE00C9217E /* themoviedbTests.swift */ = {isa = PBXFileReference; lastKnownFileType = sourcecode.swift; path = themoviedbTests.swift; sourceTree = "<group>"; };
		3D6227552013B6EE00C9217E /* Info.plist */ = {isa = PBXFileReference; lastKnownFileType = text.plist.xml; path = Info.plist; sourceTree = "<group>"; };
		3D62275A2013B6EE00C9217E /* themoviedbUITests.xctest */ = {isa = PBXFileReference; explicitFileType = wrapper.cfbundle; includeInIndex = 0; path = themoviedbUITests.xctest; sourceTree = BUILT_PRODUCTS_DIR; };
		3D62275E2013B6EE00C9217E /* themoviedbUITests.swift */ = {isa = PBXFileReference; lastKnownFileType = sourcecode.swift; path = themoviedbUITests.swift; sourceTree = "<group>"; };
		3D6227602013B6EE00C9217E /* Info.plist */ = {isa = PBXFileReference; lastKnownFileType = text.plist.xml; path = Info.plist; sourceTree = "<group>"; };
		3D62276D2013BE1100C9217E /* APIManager.swift */ = {isa = PBXFileReference; lastKnownFileType = sourcecode.swift; path = APIManager.swift; sourceTree = "<group>"; };
		3D674F972014DC87006BE1AE /* GenreViewController.swift */ = {isa = PBXFileReference; lastKnownFileType = sourcecode.swift; path = GenreViewController.swift; sourceTree = "<group>"; };
		3D674F9B2014E024006BE1AE /* MovieManager.swift */ = {isa = PBXFileReference; lastKnownFileType = sourcecode.swift; path = MovieManager.swift; sourceTree = "<group>"; };
		3D674F9D2014EEDC006BE1AE /* Genre.swift */ = {isa = PBXFileReference; lastKnownFileType = sourcecode.swift; path = Genre.swift; sourceTree = "<group>"; };
		3D674FA02014FB50006BE1AE /* Errors.swift */ = {isa = PBXFileReference; lastKnownFileType = sourcecode.swift; path = Errors.swift; sourceTree = "<group>"; };
		3D674FA22014FD00006BE1AE /* GenrePresenter.swift */ = {isa = PBXFileReference; lastKnownFileType = sourcecode.swift; path = GenrePresenter.swift; sourceTree = "<group>"; };
		3D674FA42014FD0D006BE1AE /* Movie.swift */ = {isa = PBXFileReference; lastKnownFileType = sourcecode.swift; path = Movie.swift; sourceTree = "<group>"; };
		3D674FA62014FD2A006BE1AE /* MoviePresenter.swift */ = {isa = PBXFileReference; lastKnownFileType = sourcecode.swift; path = MoviePresenter.swift; sourceTree = "<group>"; };
		3D674FA92015029F006BE1AE /* UIViewController.swift */ = {isa = PBXFileReference; lastKnownFileType = sourcecode.swift; path = UIViewController.swift; sourceTree = "<group>"; };
		3D674FAF20150D72006BE1AE /* BaseViewController.swift */ = {isa = PBXFileReference; lastKnownFileType = sourcecode.swift; path = BaseViewController.swift; sourceTree = "<group>"; };
		3D674FB3201510E6006BE1AE /* GenreTableViewCell.swift */ = {isa = PBXFileReference; lastKnownFileType = sourcecode.swift; path = GenreTableViewCell.swift; sourceTree = "<group>"; };
		3D674FB5201518FB006BE1AE /* MovieCollectionViewCell.swift */ = {isa = PBXFileReference; lastKnownFileType = sourcecode.swift; path = MovieCollectionViewCell.swift; sourceTree = "<group>"; };
		3D674FB820156EDD006BE1AE /* CircularProgressView.swift */ = {isa = PBXFileReference; lastKnownFileType = sourcecode.swift; path = CircularProgressView.swift; sourceTree = "<group>"; };
		3D674FBA201589C6006BE1AE /* UIView.swift */ = {isa = PBXFileReference; lastKnownFileType = sourcecode.swift; path = UIView.swift; sourceTree = "<group>"; };
		3D674FBC2015992C006BE1AE /* Credits.swift */ = {isa = PBXFileReference; lastKnownFileType = sourcecode.swift; path = Credits.swift; sourceTree = "<group>"; };
		3D674FC520159DE6006BE1AE /* CrewCollectionViewCell.swift */ = {isa = PBXFileReference; lastKnownFileType = sourcecode.swift; path = CrewCollectionViewCell.swift; sourceTree = "<group>"; };
		3DFF0AE92096183600A2AFC5 /* UIImageView+Alamo.swift */ = {isa = PBXFileReference; lastKnownFileType = sourcecode.swift; path = "UIImageView+Alamo.swift"; sourceTree = "<group>"; };
		5376C1D3DCFC068767978540 /* Pods-themoviedb.release.xcconfig */ = {isa = PBXFileReference; includeInIndex = 1; lastKnownFileType = text.xcconfig; name = "Pods-themoviedb.release.xcconfig"; path = "Pods/Target Support Files/Pods-themoviedb/Pods-themoviedb.release.xcconfig"; sourceTree = "<group>"; };
		546463A8EAED0CEA8436C547 /* Pods_FastShopUITests.framework */ = {isa = PBXFileReference; explicitFileType = wrapper.framework; includeInIndex = 0; path = Pods_FastShopUITests.framework; sourceTree = BUILT_PRODUCTS_DIR; };
		73C77FE769FD7BE507F680ED /* Pods_themoviedbUITests.framework */ = {isa = PBXFileReference; explicitFileType = wrapper.framework; includeInIndex = 0; path = Pods_themoviedbUITests.framework; sourceTree = BUILT_PRODUCTS_DIR; };
		983CD146AC4CF2CB99B51720 /* Pods-themoviedb.debug.xcconfig */ = {isa = PBXFileReference; includeInIndex = 1; lastKnownFileType = text.xcconfig; name = "Pods-themoviedb.debug.xcconfig"; path = "Pods/Target Support Files/Pods-themoviedb/Pods-themoviedb.debug.xcconfig"; sourceTree = "<group>"; };
		AE0FB458CC0DE992851E32B1 /* Pods-FastShop.release.xcconfig */ = {isa = PBXFileReference; includeInIndex = 1; lastKnownFileType = text.xcconfig; name = "Pods-FastShop.release.xcconfig"; path = "Pods/Target Support Files/Pods-FastShop/Pods-FastShop.release.xcconfig"; sourceTree = "<group>"; };
		BF970A28390E89B6B0065526 /* Pods-themoviedbUITests.release.xcconfig */ = {isa = PBXFileReference; includeInIndex = 1; lastKnownFileType = text.xcconfig; name = "Pods-themoviedbUITests.release.xcconfig"; path = "Pods/Target Support Files/Pods-themoviedbUITests/Pods-themoviedbUITests.release.xcconfig"; sourceTree = "<group>"; };
		D59BEC6A0F25BD3EB96128B6 /* Pods-FastShopUITests.debug.xcconfig */ = {isa = PBXFileReference; includeInIndex = 1; lastKnownFileType = text.xcconfig; name = "Pods-FastShopUITests.debug.xcconfig"; path = "Pods/Target Support Files/Pods-FastShopUITests/Pods-FastShopUITests.debug.xcconfig"; sourceTree = "<group>"; };
		E7ACB3A4553C7636EEBCA297 /* Pods_FastShop.framework */ = {isa = PBXFileReference; explicitFileType = wrapper.framework; includeInIndex = 0; path = Pods_FastShop.framework; sourceTree = BUILT_PRODUCTS_DIR; };
		F084B2CC9491F3750D171C9A /* Pods-FastShopTests.debug.xcconfig */ = {isa = PBXFileReference; includeInIndex = 1; lastKnownFileType = text.xcconfig; name = "Pods-FastShopTests.debug.xcconfig"; path = "Pods/Target Support Files/Pods-FastShopTests/Pods-FastShopTests.debug.xcconfig"; sourceTree = "<group>"; };
		F1F8AD62AB187DFFA89611DE /* Pods-FastShop.debug.xcconfig */ = {isa = PBXFileReference; includeInIndex = 1; lastKnownFileType = text.xcconfig; name = "Pods-FastShop.debug.xcconfig"; path = "Pods/Target Support Files/Pods-FastShop/Pods-FastShop.debug.xcconfig"; sourceTree = "<group>"; };
		F5EE71ABE2CCD3D8EC2AADBF /* Pods-themoviedbUITests.debug.xcconfig */ = {isa = PBXFileReference; includeInIndex = 1; lastKnownFileType = text.xcconfig; name = "Pods-themoviedbUITests.debug.xcconfig"; path = "Pods/Target Support Files/Pods-themoviedbUITests/Pods-themoviedbUITests.debug.xcconfig"; sourceTree = "<group>"; };
		FF9875640196EAB2BCFA02B2 /* Pods-FastShopTests.release.xcconfig */ = {isa = PBXFileReference; includeInIndex = 1; lastKnownFileType = text.xcconfig; name = "Pods-FastShopTests.release.xcconfig"; path = "Pods/Target Support Files/Pods-FastShopTests/Pods-FastShopTests.release.xcconfig"; sourceTree = "<group>"; };
/* End PBXFileReference section */

/* Begin PBXFrameworksBuildPhase section */
		3D6227382013B6EE00C9217E /* Frameworks */ = {
			isa = PBXFrameworksBuildPhase;
			buildActionMask = 2147483647;
			files = (
				DF8F8D4A5162BDD73432D8F5 /* Pods_themoviedb.framework in Frameworks */,
			);
			runOnlyForDeploymentPostprocessing = 0;
		};
		3D62274C2013B6EE00C9217E /* Frameworks */ = {
			isa = PBXFrameworksBuildPhase;
			buildActionMask = 2147483647;
			files = (
				4975E80B305C017F1AADA7DA /* Pods_FastShopTests.framework in Frameworks */,
				42B0632B28995A35BE9F175C /* Pods_themoviedbTests.framework in Frameworks */,
			);
			runOnlyForDeploymentPostprocessing = 0;
		};
		3D6227572013B6EE00C9217E /* Frameworks */ = {
			isa = PBXFrameworksBuildPhase;
			buildActionMask = 2147483647;
			files = (
				0C71D17AA5607CB007A8B3CE /* Pods_FastShopUITests.framework in Frameworks */,
				102520269D713672535D5E2D /* Pods_themoviedbUITests.framework in Frameworks */,
			);
			runOnlyForDeploymentPostprocessing = 0;
		};
/* End PBXFrameworksBuildPhase section */

/* Begin PBXGroup section */
		3D6227322013B6EE00C9217E = {
			isa = PBXGroup;
			children = (
				3D62273D2013B6EE00C9217E /* themoviedb */,
				3D6227522013B6EE00C9217E /* themoviedbTests */,
				3D62275D2013B6EE00C9217E /* themoviedbUITests */,
				3D62273C2013B6EE00C9217E /* Products */,
				67AA37F8E7D4B44EC8AC6695 /* Pods */,
				4207B5AD3E1FDC9E2A7AA220 /* Frameworks */,
			);
			sourceTree = "<group>";
		};
		3D62273C2013B6EE00C9217E /* Products */ = {
			isa = PBXGroup;
			children = (
				3D62273B2013B6EE00C9217E /* themoviedb.app */,
				3D62274F2013B6EE00C9217E /* themoviedbTests.xctest */,
				3D62275A2013B6EE00C9217E /* themoviedbUITests.xctest */,
			);
			name = Products;
			sourceTree = "<group>";
		};
		3D62273D2013B6EE00C9217E /* themoviedb */ = {
			isa = PBXGroup;
			children = (
				3D62273E2013B6EE00C9217E /* AppDelegate.swift */,
				3D674F9F2014FB32006BE1AE /* Utils */,
				3D62276C2013BCA200C9217E /* API */,
				3D674FC220159AD5006BE1AE /* Models */,
				3D674FC320159AE2006BE1AE /* View Presenter */,
				3D6227422013B6EE00C9217E /* Main.storyboard */,
				3D6227452013B6EE00C9217E /* Assets.xcassets */,
				3D6227472013B6EE00C9217E /* LaunchScreen.storyboard */,
				3D62274A2013B6EE00C9217E /* Info.plist */,
			);
			path = themoviedb;
			sourceTree = "<group>";
		};
		3D6227522013B6EE00C9217E /* themoviedbTests */ = {
			isa = PBXGroup;
			children = (
				3D6227532013B6EE00C9217E /* themoviedbTests.swift */,
				3D6227552013B6EE00C9217E /* Info.plist */,
			);
			path = themoviedbTests;
			sourceTree = "<group>";
		};
		3D62275D2013B6EE00C9217E /* themoviedbUITests */ = {
			isa = PBXGroup;
			children = (
				3D62275E2013B6EE00C9217E /* themoviedbUITests.swift */,
				3D6227602013B6EE00C9217E /* Info.plist */,
			);
			path = themoviedbUITests;
			sourceTree = "<group>";
		};
		3D62276C2013BCA200C9217E /* API */ = {
			isa = PBXGroup;
			children = (
				3D62276D2013BE1100C9217E /* APIManager.swift */,
				3D674F9B2014E024006BE1AE /* MovieManager.swift */,
			);
			path = API;
			sourceTree = "<group>";
		};
		3D674F922014DB61006BE1AE /* Movie */ = {
			isa = PBXGroup;
			children = (
				3D674FC420159B40006BE1AE /* UI */,
				3D6227402013B6EE00C9217E /* MovieViewController.swift */,
				3D674FA62014FD2A006BE1AE /* MoviePresenter.swift */,
			);
			path = Movie;
			sourceTree = "<group>";
		};
		3D674F942014DB8D006BE1AE /* Genre */ = {
			isa = PBXGroup;
			children = (
				3D674FB2201510C4006BE1AE /* UI */,
				3D674F972014DC87006BE1AE /* GenreViewController.swift */,
				3D674FA22014FD00006BE1AE /* GenrePresenter.swift */,
			);
			path = Genre;
			sourceTree = "<group>";
		};
		3D674F9F2014FB32006BE1AE /* Utils */ = {
			isa = PBXGroup;
			children = (
				3D674FAF20150D72006BE1AE /* BaseViewController.swift */,
				3D674FB720156EBC006BE1AE /* UI */,
				3D674FB120150D78006BE1AE /* Enum */,
				3D674FA82015028A006BE1AE /* Extensions */,
			);
			path = Utils;
			sourceTree = "<group>";
		};
		3D674FA82015028A006BE1AE /* Extensions */ = {
			isa = PBXGroup;
			children = (
				3D674FA92015029F006BE1AE /* UIViewController.swift */,
				3D674FBA201589C6006BE1AE /* UIView.swift */,
				3D1A4F9620181B66007972DD /* UIColor.swift */,
				3D30E34E2016EAF2000B73A4 /* NSAttributedString.swift */,
				3DFF0AE92096183600A2AFC5 /* UIImageView+Alamo.swift */,
			);
			path = Extensions;
			sourceTree = "<group>";
		};
		3D674FB120150D78006BE1AE /* Enum */ = {
			isa = PBXGroup;
			children = (
				3D674FA02014FB50006BE1AE /* Errors.swift */,
			);
			path = Enum;
			sourceTree = "<group>";
		};
		3D674FB2201510C4006BE1AE /* UI */ = {
			isa = PBXGroup;
			children = (
				3D674FB3201510E6006BE1AE /* GenreTableViewCell.swift */,
				3D674FB5201518FB006BE1AE /* MovieCollectionViewCell.swift */,
			);
			path = UI;
			sourceTree = "<group>";
		};
		3D674FB720156EBC006BE1AE /* UI */ = {
			isa = PBXGroup;
			children = (
				3D674FB820156EDD006BE1AE /* CircularProgressView.swift */,
				3D30E34A2016D560000B73A4 /* Alert.swift */,
			);
			path = UI;
			sourceTree = "<group>";
		};
		3D674FC220159AD5006BE1AE /* Models */ = {
			isa = PBXGroup;
			children = (
				3D674FBC2015992C006BE1AE /* Credits.swift */,
				3D674F9D2014EEDC006BE1AE /* Genre.swift */,
				3D674FA42014FD0D006BE1AE /* Movie.swift */,
				3D1A4F94201811ED007972DD /* Video.swift */,
			);
			path = Models;
			sourceTree = "<group>";
		};
		3D674FC320159AE2006BE1AE /* View Presenter */ = {
			isa = PBXGroup;
			children = (
				3D674F922014DB61006BE1AE /* Movie */,
				3D674F942014DB8D006BE1AE /* Genre */,
			);
			path = "View Presenter";
			sourceTree = "<group>";
		};
		3D674FC420159B40006BE1AE /* UI */ = {
			isa = PBXGroup;
			children = (
				3D30E34C2016DDB9000B73A4 /* CastCollectionViewCell.swift */,
				3D674FC520159DE6006BE1AE /* CrewCollectionViewCell.swift */,
			);
			path = UI;
			sourceTree = "<group>";
		};
		4207B5AD3E1FDC9E2A7AA220 /* Frameworks */ = {
			isa = PBXGroup;
			children = (
				E7ACB3A4553C7636EEBCA297 /* Pods_FastShop.framework */,
				0BAB855D18CE13DF477A9BCC /* Pods_FastShopTests.framework */,
				546463A8EAED0CEA8436C547 /* Pods_FastShopUITests.framework */,
				3275993D36EB5EC909513920 /* Pods_themoviedb.framework */,
				110A7A91A6E762596678B93B /* Pods_themoviedbTests.framework */,
				73C77FE769FD7BE507F680ED /* Pods_themoviedbUITests.framework */,
			);
			name = Frameworks;
			sourceTree = "<group>";
		};
		67AA37F8E7D4B44EC8AC6695 /* Pods */ = {
			isa = PBXGroup;
			children = (
				F1F8AD62AB187DFFA89611DE /* Pods-FastShop.debug.xcconfig */,
				AE0FB458CC0DE992851E32B1 /* Pods-FastShop.release.xcconfig */,
				F084B2CC9491F3750D171C9A /* Pods-FastShopTests.debug.xcconfig */,
				FF9875640196EAB2BCFA02B2 /* Pods-FastShopTests.release.xcconfig */,
				D59BEC6A0F25BD3EB96128B6 /* Pods-FastShopUITests.debug.xcconfig */,
				372A9AED4FD48C4B32A43197 /* Pods-FastShopUITests.release.xcconfig */,
				983CD146AC4CF2CB99B51720 /* Pods-themoviedb.debug.xcconfig */,
				5376C1D3DCFC068767978540 /* Pods-themoviedb.release.xcconfig */,
				1DCF9D421903E2E08198F8EB /* Pods-themoviedbTests.debug.xcconfig */,
				13DB7A504D62C9DF153441EE /* Pods-themoviedbTests.release.xcconfig */,
				F5EE71ABE2CCD3D8EC2AADBF /* Pods-themoviedbUITests.debug.xcconfig */,
				BF970A28390E89B6B0065526 /* Pods-themoviedbUITests.release.xcconfig */,
			);
			name = Pods;
			sourceTree = "<group>";
		};
/* End PBXGroup section */

/* Begin PBXNativeTarget section */
		3D62273A2013B6EE00C9217E /* themoviedb */ = {
			isa = PBXNativeTarget;
			buildConfigurationList = 3D6227632013B6EE00C9217E /* Build configuration list for PBXNativeTarget "themoviedb" */;
			buildPhases = (
				7A1551F6BBF0287FAF82C727 /* [CP] Check Pods Manifest.lock */,
				3D6227372013B6EE00C9217E /* Sources */,
				3D6227382013B6EE00C9217E /* Frameworks */,
				3D6227392013B6EE00C9217E /* Resources */,
				8E54F2B5FF7337F1D1AEFE3B /* [CP] Embed Pods Frameworks */,
			);
			buildRules = (
			);
			dependencies = (
			);
			name = themoviedb;
			productName = FastShop;
			productReference = 3D62273B2013B6EE00C9217E /* themoviedb.app */;
			productType = "com.apple.product-type.application";
		};
		3D62274E2013B6EE00C9217E /* themoviedbTests */ = {
			isa = PBXNativeTarget;
			buildConfigurationList = 3D6227662013B6EE00C9217E /* Build configuration list for PBXNativeTarget "themoviedbTests" */;
			buildPhases = (
				FA36BB7A2B7F75B9D80131B5 /* [CP] Check Pods Manifest.lock */,
				3D62274B2013B6EE00C9217E /* Sources */,
				3D62274C2013B6EE00C9217E /* Frameworks */,
				3D62274D2013B6EE00C9217E /* Resources */,
			);
			buildRules = (
			);
			dependencies = (
				3D6227512013B6EE00C9217E /* PBXTargetDependency */,
			);
			name = themoviedbTests;
			productName = FastShopTests;
			productReference = 3D62274F2013B6EE00C9217E /* themoviedbTests.xctest */;
			productType = "com.apple.product-type.bundle.unit-test";
		};
		3D6227592013B6EE00C9217E /* themoviedbUITests */ = {
			isa = PBXNativeTarget;
			buildConfigurationList = 3D6227692013B6EE00C9217E /* Build configuration list for PBXNativeTarget "themoviedbUITests" */;
			buildPhases = (
				DBBD97100A172F5A5DD1A987 /* [CP] Check Pods Manifest.lock */,
				3D6227562013B6EE00C9217E /* Sources */,
				3D6227572013B6EE00C9217E /* Frameworks */,
				3D6227582013B6EE00C9217E /* Resources */,
			);
			buildRules = (
			);
			dependencies = (
				3D62275C2013B6EE00C9217E /* PBXTargetDependency */,
			);
			name = themoviedbUITests;
			productName = FastShopUITests;
			productReference = 3D62275A2013B6EE00C9217E /* themoviedbUITests.xctest */;
			productType = "com.apple.product-type.bundle.ui-testing";
		};
/* End PBXNativeTarget section */

/* Begin PBXProject section */
		3D6227332013B6EE00C9217E /* Project object */ = {
			isa = PBXProject;
			attributes = {
				LastSwiftUpdateCheck = 0920;
				LastUpgradeCheck = 0920;
				ORGANIZATIONNAME = WilliamAlvelos;
				TargetAttributes = {
					3D62273A2013B6EE00C9217E = {
						CreatedOnToolsVersion = 9.2;
						ProvisioningStyle = Automatic;
					};
					3D62274E2013B6EE00C9217E = {
						CreatedOnToolsVersion = 9.2;
						ProvisioningStyle = Automatic;
						TestTargetID = 3D62273A2013B6EE00C9217E;
					};
					3D6227592013B6EE00C9217E = {
						CreatedOnToolsVersion = 9.2;
						ProvisioningStyle = Automatic;
						TestTargetID = 3D62273A2013B6EE00C9217E;
					};
				};
			};
			buildConfigurationList = 3D6227362013B6EE00C9217E /* Build configuration list for PBXProject "themoviedb" */;
			compatibilityVersion = "Xcode 8.0";
			developmentRegion = en;
			hasScannedForEncodings = 0;
			knownRegions = (
				en,
				Base,
			);
			mainGroup = 3D6227322013B6EE00C9217E;
			productRefGroup = 3D62273C2013B6EE00C9217E /* Products */;
			projectDirPath = "";
			projectRoot = "";
			targets = (
				3D62273A2013B6EE00C9217E /* themoviedb */,
				3D62274E2013B6EE00C9217E /* themoviedbTests */,
				3D6227592013B6EE00C9217E /* themoviedbUITests */,
			);
		};
/* End PBXProject section */

/* Begin PBXResourcesBuildPhase section */
		3D6227392013B6EE00C9217E /* Resources */ = {
			isa = PBXResourcesBuildPhase;
			buildActionMask = 2147483647;
			files = (
				3D6227492013B6EE00C9217E /* LaunchScreen.storyboard in Resources */,
				3D6227462013B6EE00C9217E /* Assets.xcassets in Resources */,
				3D6227442013B6EE00C9217E /* Main.storyboard in Resources */,
			);
			runOnlyForDeploymentPostprocessing = 0;
		};
		3D62274D2013B6EE00C9217E /* Resources */ = {
			isa = PBXResourcesBuildPhase;
			buildActionMask = 2147483647;
			files = (
			);
			runOnlyForDeploymentPostprocessing = 0;
		};
		3D6227582013B6EE00C9217E /* Resources */ = {
			isa = PBXResourcesBuildPhase;
			buildActionMask = 2147483647;
			files = (
			);
			runOnlyForDeploymentPostprocessing = 0;
		};
/* End PBXResourcesBuildPhase section */

/* Begin PBXShellScriptBuildPhase section */
		7A1551F6BBF0287FAF82C727 /* [CP] Check Pods Manifest.lock */ = {
			isa = PBXShellScriptBuildPhase;
			buildActionMask = 2147483647;
			files = (
			);
			inputPaths = (
				"${PODS_PODFILE_DIR_PATH}/Podfile.lock",
				"${PODS_ROOT}/Manifest.lock",
			);
			name = "[CP] Check Pods Manifest.lock";
			outputPaths = (
				"$(DERIVED_FILE_DIR)/Pods-themoviedb-checkManifestLockResult.txt",
			);
			runOnlyForDeploymentPostprocessing = 0;
			shellPath = /bin/sh;
			shellScript = "diff \"${PODS_PODFILE_DIR_PATH}/Podfile.lock\" \"${PODS_ROOT}/Manifest.lock\" > /dev/null\nif [ $? != 0 ] ; then\n    # print error to STDERR\n    echo \"error: The sandbox is not in sync with the Podfile.lock. Run 'pod install' or update your CocoaPods installation.\" >&2\n    exit 1\nfi\n# This output is used by Xcode 'outputs' to avoid re-running this script phase.\necho \"SUCCESS\" > \"${SCRIPT_OUTPUT_FILE_0}\"\n";
			showEnvVarsInLog = 0;
		};
		8E54F2B5FF7337F1D1AEFE3B /* [CP] Embed Pods Frameworks */ = {
			isa = PBXShellScriptBuildPhase;
			buildActionMask = 2147483647;
			files = (
			);
			inputPaths = (
				"${SRCROOT}/Pods/Target Support Files/Pods-themoviedb/Pods-themoviedb-frameworks.sh",
				"${BUILT_PRODUCTS_DIR}/Alamofire/Alamofire.framework",
				"${BUILT_PRODUCTS_DIR}/AlamofireImage/AlamofireImage.framework",
				"${BUILT_PRODUCTS_DIR}/XCDYouTubeKit/XCDYouTubeKit.framework",
			);
			name = "[CP] Embed Pods Frameworks";
			outputPaths = (
				"${TARGET_BUILD_DIR}/${FRAMEWORKS_FOLDER_PATH}/Alamofire.framework",
				"${TARGET_BUILD_DIR}/${FRAMEWORKS_FOLDER_PATH}/AlamofireImage.framework",
				"${TARGET_BUILD_DIR}/${FRAMEWORKS_FOLDER_PATH}/XCDYouTubeKit.framework",
			);
			runOnlyForDeploymentPostprocessing = 0;
			shellPath = /bin/sh;
			shellScript = "\"${SRCROOT}/Pods/Target Support Files/Pods-themoviedb/Pods-themoviedb-frameworks.sh\"\n";
			showEnvVarsInLog = 0;
		};
		DBBD97100A172F5A5DD1A987 /* [CP] Check Pods Manifest.lock */ = {
			isa = PBXShellScriptBuildPhase;
			buildActionMask = 2147483647;
			files = (
			);
			inputPaths = (
				"${PODS_PODFILE_DIR_PATH}/Podfile.lock",
				"${PODS_ROOT}/Manifest.lock",
			);
			name = "[CP] Check Pods Manifest.lock";
			outputPaths = (
				"$(DERIVED_FILE_DIR)/Pods-themoviedbUITests-checkManifestLockResult.txt",
			);
			runOnlyForDeploymentPostprocessing = 0;
			shellPath = /bin/sh;
			shellScript = "diff \"${PODS_PODFILE_DIR_PATH}/Podfile.lock\" \"${PODS_ROOT}/Manifest.lock\" > /dev/null\nif [ $? != 0 ] ; then\n    # print error to STDERR\n    echo \"error: The sandbox is not in sync with the Podfile.lock. Run 'pod install' or update your CocoaPods installation.\" >&2\n    exit 1\nfi\n# This output is used by Xcode 'outputs' to avoid re-running this script phase.\necho \"SUCCESS\" > \"${SCRIPT_OUTPUT_FILE_0}\"\n";
			showEnvVarsInLog = 0;
		};
		FA36BB7A2B7F75B9D80131B5 /* [CP] Check Pods Manifest.lock */ = {
			isa = PBXShellScriptBuildPhase;
			buildActionMask = 2147483647;
			files = (
			);
			inputPaths = (
				"${PODS_PODFILE_DIR_PATH}/Podfile.lock",
				"${PODS_ROOT}/Manifest.lock",
			);
			name = "[CP] Check Pods Manifest.lock";
			outputPaths = (
				"$(DERIVED_FILE_DIR)/Pods-themoviedbTests-checkManifestLockResult.txt",
			);
			runOnlyForDeploymentPostprocessing = 0;
			shellPath = /bin/sh;
			shellScript = "diff \"${PODS_PODFILE_DIR_PATH}/Podfile.lock\" \"${PODS_ROOT}/Manifest.lock\" > /dev/null\nif [ $? != 0 ] ; then\n    # print error to STDERR\n    echo \"error: The sandbox is not in sync with the Podfile.lock. Run 'pod install' or update your CocoaPods installation.\" >&2\n    exit 1\nfi\n# This output is used by Xcode 'outputs' to avoid re-running this script phase.\necho \"SUCCESS\" > \"${SCRIPT_OUTPUT_FILE_0}\"\n";
			showEnvVarsInLog = 0;
		};
/* End PBXShellScriptBuildPhase section */

/* Begin PBXSourcesBuildPhase section */
		3D6227372013B6EE00C9217E /* Sources */ = {
			isa = PBXSourcesBuildPhase;
			buildActionMask = 2147483647;
			files = (
				3D674FB6201518FB006BE1AE /* MovieCollectionViewCell.swift in Sources */,
				3D62276E2013BE1100C9217E /* APIManager.swift in Sources */,
				3D674F982014DC87006BE1AE /* GenreViewController.swift in Sources */,
				3DFF0AEA2096183600A2AFC5 /* UIImageView+Alamo.swift in Sources */,
				3D674FAA2015029F006BE1AE /* UIViewController.swift in Sources */,
				3D674FA12014FB50006BE1AE /* Errors.swift in Sources */,
				3D30E34B2016D560000B73A4 /* Alert.swift in Sources */,
				3D674FC620159DE6006BE1AE /* CrewCollectionViewCell.swift in Sources */,
				3D1A4F95201811ED007972DD /* Video.swift in Sources */,
				3D30E34F2016EAF2000B73A4 /* NSAttributedString.swift in Sources */,
				3D674FB020150D72006BE1AE /* BaseViewController.swift in Sources */,
				3D1A4F9720181B66007972DD /* UIColor.swift in Sources */,
				3D674F9C2014E024006BE1AE /* MovieManager.swift in Sources */,
				3D674FB4201510E6006BE1AE /* GenreTableViewCell.swift in Sources */,
				3D674FA72014FD2A006BE1AE /* MoviePresenter.swift in Sources */,
				3D674FB920156EDD006BE1AE /* CircularProgressView.swift in Sources */,
				3D674FA52014FD0D006BE1AE /* Movie.swift in Sources */,
				3D6227412013B6EE00C9217E /* MovieViewController.swift in Sources */,
				3D674FBB201589C7006BE1AE /* UIView.swift in Sources */,
				3D62273F2013B6EE00C9217E /* AppDelegate.swift in Sources */,
				3D674FA32014FD00006BE1AE /* GenrePresenter.swift in Sources */,
				3D30E34D2016DDB9000B73A4 /* CastCollectionViewCell.swift in Sources */,
				3D674FBD2015992C006BE1AE /* Credits.swift in Sources */,
				3D674F9E2014EEDC006BE1AE /* Genre.swift in Sources */,
			);
			runOnlyForDeploymentPostprocessing = 0;
		};
		3D62274B2013B6EE00C9217E /* Sources */ = {
			isa = PBXSourcesBuildPhase;
			buildActionMask = 2147483647;
			files = (
				3D6227542013B6EE00C9217E /* themoviedbTests.swift in Sources */,
			);
			runOnlyForDeploymentPostprocessing = 0;
		};
		3D6227562013B6EE00C9217E /* Sources */ = {
			isa = PBXSourcesBuildPhase;
			buildActionMask = 2147483647;
			files = (
				3D62275F2013B6EE00C9217E /* themoviedbUITests.swift in Sources */,
			);
			runOnlyForDeploymentPostprocessing = 0;
		};
/* End PBXSourcesBuildPhase section */

/* Begin PBXTargetDependency section */
		3D6227512013B6EE00C9217E /* PBXTargetDependency */ = {
			isa = PBXTargetDependency;
			target = 3D62273A2013B6EE00C9217E /* themoviedb */;
			targetProxy = 3D6227502013B6EE00C9217E /* PBXContainerItemProxy */;
		};
		3D62275C2013B6EE00C9217E /* PBXTargetDependency */ = {
			isa = PBXTargetDependency;
			target = 3D62273A2013B6EE00C9217E /* themoviedb */;
			targetProxy = 3D62275B2013B6EE00C9217E /* PBXContainerItemProxy */;
		};
/* End PBXTargetDependency section */

/* Begin PBXVariantGroup section */
		3D6227422013B6EE00C9217E /* Main.storyboard */ = {
			isa = PBXVariantGroup;
			children = (
				3D6227432013B6EE00C9217E /* Base */,
			);
			name = Main.storyboard;
			sourceTree = "<group>";
		};
		3D6227472013B6EE00C9217E /* LaunchScreen.storyboard */ = {
			isa = PBXVariantGroup;
			children = (
				3D6227482013B6EE00C9217E /* Base */,
			);
			name = LaunchScreen.storyboard;
			sourceTree = "<group>";
		};
/* End PBXVariantGroup section */

/* Begin XCBuildConfiguration section */
		3D6227612013B6EE00C9217E /* Debug */ = {
			isa = XCBuildConfiguration;
			buildSettings = {
				ALWAYS_SEARCH_USER_PATHS = NO;
				CLANG_ANALYZER_NONNULL = YES;
				CLANG_ANALYZER_NUMBER_OBJECT_CONVERSION = YES_AGGRESSIVE;
				CLANG_CXX_LANGUAGE_STANDARD = "gnu++14";
				CLANG_CXX_LIBRARY = "libc++";
				CLANG_ENABLE_MODULES = YES;
				CLANG_ENABLE_OBJC_ARC = YES;
				CLANG_WARN_BLOCK_CAPTURE_AUTORELEASING = YES;
				CLANG_WARN_BOOL_CONVERSION = YES;
				CLANG_WARN_COMMA = YES;
				CLANG_WARN_CONSTANT_CONVERSION = YES;
				CLANG_WARN_DIRECT_OBJC_ISA_USAGE = YES_ERROR;
				CLANG_WARN_DOCUMENTATION_COMMENTS = YES;
				CLANG_WARN_EMPTY_BODY = YES;
				CLANG_WARN_ENUM_CONVERSION = YES;
				CLANG_WARN_INFINITE_RECURSION = YES;
				CLANG_WARN_INT_CONVERSION = YES;
				CLANG_WARN_NON_LITERAL_NULL_CONVERSION = YES;
				CLANG_WARN_OBJC_LITERAL_CONVERSION = YES;
				CLANG_WARN_OBJC_ROOT_CLASS = YES_ERROR;
				CLANG_WARN_RANGE_LOOP_ANALYSIS = YES;
				CLANG_WARN_STRICT_PROTOTYPES = YES;
				CLANG_WARN_SUSPICIOUS_MOVE = YES;
				CLANG_WARN_UNGUARDED_AVAILABILITY = YES_AGGRESSIVE;
				CLANG_WARN_UNREACHABLE_CODE = YES;
				CLANG_WARN__DUPLICATE_METHOD_MATCH = YES;
				CODE_SIGN_IDENTITY = "iPhone Developer";
				COPY_PHASE_STRIP = NO;
				DEBUG_INFORMATION_FORMAT = dwarf;
				ENABLE_STRICT_OBJC_MSGSEND = YES;
				ENABLE_TESTABILITY = YES;
				GCC_C_LANGUAGE_STANDARD = gnu11;
				GCC_DYNAMIC_NO_PIC = NO;
				GCC_NO_COMMON_BLOCKS = YES;
				GCC_OPTIMIZATION_LEVEL = 0;
				GCC_PREPROCESSOR_DEFINITIONS = (
					"DEBUG=1",
					"$(inherited)",
				);
				GCC_WARN_64_TO_32_BIT_CONVERSION = YES;
				GCC_WARN_ABOUT_RETURN_TYPE = YES_ERROR;
				GCC_WARN_UNDECLARED_SELECTOR = YES;
				GCC_WARN_UNINITIALIZED_AUTOS = YES_AGGRESSIVE;
				GCC_WARN_UNUSED_FUNCTION = YES;
				GCC_WARN_UNUSED_VARIABLE = YES;
				IPHONEOS_DEPLOYMENT_TARGET = 11.2;
				MTL_ENABLE_DEBUG_INFO = YES;
				ONLY_ACTIVE_ARCH = YES;
				SDKROOT = iphoneos;
				SWIFT_ACTIVE_COMPILATION_CONDITIONS = DEBUG;
				SWIFT_OPTIMIZATION_LEVEL = "-Onone";
			};
			name = Debug;
		};
		3D6227622013B6EE00C9217E /* Release */ = {
			isa = XCBuildConfiguration;
			buildSettings = {
				ALWAYS_SEARCH_USER_PATHS = NO;
				CLANG_ANALYZER_NONNULL = YES;
				CLANG_ANALYZER_NUMBER_OBJECT_CONVERSION = YES_AGGRESSIVE;
				CLANG_CXX_LANGUAGE_STANDARD = "gnu++14";
				CLANG_CXX_LIBRARY = "libc++";
				CLANG_ENABLE_MODULES = YES;
				CLANG_ENABLE_OBJC_ARC = YES;
				CLANG_WARN_BLOCK_CAPTURE_AUTORELEASING = YES;
				CLANG_WARN_BOOL_CONVERSION = YES;
				CLANG_WARN_COMMA = YES;
				CLANG_WARN_CONSTANT_CONVERSION = YES;
				CLANG_WARN_DIRECT_OBJC_ISA_USAGE = YES_ERROR;
				CLANG_WARN_DOCUMENTATION_COMMENTS = YES;
				CLANG_WARN_EMPTY_BODY = YES;
				CLANG_WARN_ENUM_CONVERSION = YES;
				CLANG_WARN_INFINITE_RECURSION = YES;
				CLANG_WARN_INT_CONVERSION = YES;
				CLANG_WARN_NON_LITERAL_NULL_CONVERSION = YES;
				CLANG_WARN_OBJC_LITERAL_CONVERSION = YES;
				CLANG_WARN_OBJC_ROOT_CLASS = YES_ERROR;
				CLANG_WARN_RANGE_LOOP_ANALYSIS = YES;
				CLANG_WARN_STRICT_PROTOTYPES = YES;
				CLANG_WARN_SUSPICIOUS_MOVE = YES;
				CLANG_WARN_UNGUARDED_AVAILABILITY = YES_AGGRESSIVE;
				CLANG_WARN_UNREACHABLE_CODE = YES;
				CLANG_WARN__DUPLICATE_METHOD_MATCH = YES;
				CODE_SIGN_IDENTITY = "iPhone Developer";
				COPY_PHASE_STRIP = NO;
				DEBUG_INFORMATION_FORMAT = "dwarf-with-dsym";
				ENABLE_NS_ASSERTIONS = NO;
				ENABLE_STRICT_OBJC_MSGSEND = YES;
				GCC_C_LANGUAGE_STANDARD = gnu11;
				GCC_NO_COMMON_BLOCKS = YES;
				GCC_WARN_64_TO_32_BIT_CONVERSION = YES;
				GCC_WARN_ABOUT_RETURN_TYPE = YES_ERROR;
				GCC_WARN_UNDECLARED_SELECTOR = YES;
				GCC_WARN_UNINITIALIZED_AUTOS = YES_AGGRESSIVE;
				GCC_WARN_UNUSED_FUNCTION = YES;
				GCC_WARN_UNUSED_VARIABLE = YES;
				IPHONEOS_DEPLOYMENT_TARGET = 11.2;
				MTL_ENABLE_DEBUG_INFO = NO;
				SDKROOT = iphoneos;
				SWIFT_OPTIMIZATION_LEVEL = "-Owholemodule";
				VALIDATE_PRODUCT = YES;
			};
			name = Release;
		};
		3D6227642013B6EE00C9217E /* Debug */ = {
			isa = XCBuildConfiguration;
			baseConfigurationReference = 983CD146AC4CF2CB99B51720 /* Pods-themoviedb.debug.xcconfig */;
			buildSettings = {
				ASSETCATALOG_COMPILER_APPICON_NAME = AppIcon;
				CODE_SIGN_STYLE = Automatic;
				DEVELOPMENT_TEAM = 5QNPEDDWDK;
				INFOPLIST_FILE = "$(SRCROOT)/themoviedb/Info.plist";
				LD_RUNPATH_SEARCH_PATHS = "$(inherited) @executable_path/Frameworks";
				PRODUCT_BUNDLE_IDENTIFIER = br.com.themoviedb;
				PRODUCT_NAME = "$(TARGET_NAME)";
				SWIFT_VERSION = 4.0;
				TARGETED_DEVICE_FAMILY = "1,2";
			};
			name = Debug;
		};
		3D6227652013B6EE00C9217E /* Release */ = {
			isa = XCBuildConfiguration;
			baseConfigurationReference = 5376C1D3DCFC068767978540 /* Pods-themoviedb.release.xcconfig */;
			buildSettings = {
				ASSETCATALOG_COMPILER_APPICON_NAME = AppIcon;
				CODE_SIGN_STYLE = Automatic;
				DEVELOPMENT_TEAM = 5QNPEDDWDK;
				INFOPLIST_FILE = "$(SRCROOT)/themoviedb/Info.plist";
				LD_RUNPATH_SEARCH_PATHS = "$(inherited) @executable_path/Frameworks";
				PRODUCT_BUNDLE_IDENTIFIER = br.com.themoviedb;
				PRODUCT_NAME = "$(TARGET_NAME)";
				SWIFT_VERSION = 4.0;
				TARGETED_DEVICE_FAMILY = "1,2";
			};
			name = Release;
		};
		3D6227672013B6EE00C9217E /* Debug */ = {
			isa = XCBuildConfiguration;
			baseConfigurationReference = 1DCF9D421903E2E08198F8EB /* Pods-themoviedbTests.debug.xcconfig */;
			buildSettings = {
				ALWAYS_EMBED_SWIFT_STANDARD_LIBRARIES = YES;
				BUNDLE_LOADER = "$(TEST_HOST)";
				CODE_SIGN_STYLE = Automatic;
				DEVELOPMENT_TEAM = 5QNPEDDWDK;
				INFOPLIST_FILE = themoviedb/Info.plist;
				LD_RUNPATH_SEARCH_PATHS = "$(inherited) @executable_path/Frameworks @loader_path/Frameworks";
				PRODUCT_BUNDLE_IDENTIFIER = br.com.themoviedbTests;
				PRODUCT_NAME = "$(TARGET_NAME)";
				SWIFT_VERSION = 4.0;
				TARGETED_DEVICE_FAMILY = "1,2";
				TEST_HOST = "$(BUILT_PRODUCTS_DIR)/themoviedb.app/themoviedb";
			};
			name = Debug;
		};
		3D6227682013B6EE00C9217E /* Release */ = {
			isa = XCBuildConfiguration;
			baseConfigurationReference = 13DB7A504D62C9DF153441EE /* Pods-themoviedbTests.release.xcconfig */;
			buildSettings = {
				ALWAYS_EMBED_SWIFT_STANDARD_LIBRARIES = YES;
				BUNDLE_LOADER = "$(TEST_HOST)";
				CODE_SIGN_STYLE = Automatic;
				DEVELOPMENT_TEAM = 5QNPEDDWDK;
				INFOPLIST_FILE = themoviedb/Info.plist;
				LD_RUNPATH_SEARCH_PATHS = "$(inherited) @executable_path/Frameworks @loader_path/Frameworks";
				PRODUCT_BUNDLE_IDENTIFIER = br.com.themoviedbTests;
				PRODUCT_NAME = "$(TARGET_NAME)";
				SWIFT_VERSION = 4.0;
				TARGETED_DEVICE_FAMILY = "1,2";
				TEST_HOST = "$(BUILT_PRODUCTS_DIR)/themoviedb.app/themoviedb";
			};
			name = Release;
		};
		3D62276A2013B6EE00C9217E /* Debug */ = {
			isa = XCBuildConfiguration;
			baseConfigurationReference = F5EE71ABE2CCD3D8EC2AADBF /* Pods-themoviedbUITests.debug.xcconfig */;
			buildSettings = {
				ALWAYS_EMBED_SWIFT_STANDARD_LIBRARIES = YES;
				CODE_SIGN_STYLE = Automatic;
				DEVELOPMENT_TEAM = 5QNPEDDWDK;
				INFOPLIST_FILE = themoviedbUITests/Info.plist;
				LD_RUNPATH_SEARCH_PATHS = "$(inherited) @executable_path/Frameworks @loader_path/Frameworks";
				PRODUCT_BUNDLE_IDENTIFIER = br.com.themoviedbUITests;
				PRODUCT_NAME = "$(TARGET_NAME)";
				SWIFT_VERSION = 4.0;
				TARGETED_DEVICE_FAMILY = "1,2";
				TEST_TARGET_NAME = themoviedb;
			};
			name = Debug;
		};
		3D62276B2013B6EE00C9217E /* Release */ = {
			isa = XCBuildConfiguration;
			baseConfigurationReference = BF970A28390E89B6B0065526 /* Pods-themoviedbUITests.release.xcconfig */;
			buildSettings = {
				ALWAYS_EMBED_SWIFT_STANDARD_LIBRARIES = YES;
				CODE_SIGN_STYLE = Automatic;
				DEVELOPMENT_TEAM = 5QNPEDDWDK;
				INFOPLIST_FILE = themoviedbUITests/Info.plist;
				LD_RUNPATH_SEARCH_PATHS = "$(inherited) @executable_path/Frameworks @loader_path/Frameworks";
				PRODUCT_BUNDLE_IDENTIFIER = br.com.themoviedbUITests;
				PRODUCT_NAME = "$(TARGET_NAME)";
				SWIFT_VERSION = 4.0;
				TARGETED_DEVICE_FAMILY = "1,2";
				TEST_TARGET_NAME = themoviedb;
			};
			name = Release;
		};
/* End XCBuildConfiguration section */

/* Begin XCConfigurationList section */
		3D6227362013B6EE00C9217E /* Build configuration list for PBXProject "themoviedb" */ = {
			isa = XCConfigurationList;
			buildConfigurations = (
				3D6227612013B6EE00C9217E /* Debug */,
				3D6227622013B6EE00C9217E /* Release */,
			);
			defaultConfigurationIsVisible = 0;
			defaultConfigurationName = Release;
		};
		3D6227632013B6EE00C9217E /* Build configuration list for PBXNativeTarget "themoviedb" */ = {
			isa = XCConfigurationList;
			buildConfigurations = (
				3D6227642013B6EE00C9217E /* Debug */,
				3D6227652013B6EE00C9217E /* Release */,
			);
			defaultConfigurationIsVisible = 0;
			defaultConfigurationName = Release;
		};
		3D6227662013B6EE00C9217E /* Build configuration list for PBXNativeTarget "themoviedbTests" */ = {
			isa = XCConfigurationList;
			buildConfigurations = (
				3D6227672013B6EE00C9217E /* Debug */,
				3D6227682013B6EE00C9217E /* Release */,
			);
			defaultConfigurationIsVisible = 0;
			defaultConfigurationName = Release;
		};
		3D6227692013B6EE00C9217E /* Build configuration list for PBXNativeTarget "themoviedbUITests" */ = {
			isa = XCConfigurationList;
			buildConfigurations = (
				3D62276A2013B6EE00C9217E /* Debug */,
				3D62276B2013B6EE00C9217E /* Release */,
			);
			defaultConfigurationIsVisible = 0;
			defaultConfigurationName = Release;
		};
/* End XCConfigurationList section */
	};
	rootObject = 3D6227332013B6EE00C9217E /* Project object */;
}
