PODS:
  - Alamofire (4.7.2)
  - AlamofireImage (3.3.1):
    - Alamofire (~> 4.5)
  - XCDYouTubeKit (2.5.6)

DEPENDENCIES:
  - Alamofire
  - AlamofireImage
  - XCDYouTubeKit

SPEC REPOS:
  https://github.com/CocoaPods/Specs.git:
    - Alamofire
    - AlamofireImage
    - XCDYouTubeKit

SPEC CHECKSUMS:
  Alamofire: e4fa87002c137ba2d8d634d2c51fabcda0d5c223
  AlamofireImage: 3b35b586853abaf94ca1250f4e94cff3c21a4c0d
  XCDYouTubeKit: dccfe0c17dd5c5187969ec27e93069573badb08f

PODFILE CHECKSUM: 2702eb7e01dd1a32b47275ce182b74466c1c2b0f

COCOAPODS: 1.5.0.beta.1
